{
  "originHash" : "42ab448851ca29a8926b1cbe1c474c3d0ce34817476dc6ccef0c5c928d1fc397",
  "pins" : [
    {
      "identity" : "stripe-ios-spm",
      "kind" : "remoteSourceControl",
      "location" : "https://github.com/stripe/stripe-ios-spm.git",
      "state" : {
        "revision" : "932c901c5c97358c8452ceb1e5b0a7db5693591e",
        "version" : "25.8.0"
      }
    }
  ],
  "version" : 3
}
